
Microsoft Visual Studio Solution File, Format Version 12.00
# Visual Studio Version 17
VisualStudioVersion = 17.11.35327.3
MinimumVisualStudioVersion = 10.0.40219.1
Project("{FAE04EC0-301F-11D3-BF4B-00C04F79EFBC}") = "TestDB", "TestDB\TestDB.csproj", "{8B29475C-1D56-410B-9B86-97F56DEDA1A4}"
EndProject
Global
	GlobalSection(SolutionConfigurationPlatforms) = preSolution
		Debug|Any CPU = Debug|Any CPU
		Release|Any CPU = Release|Any CPU
	EndGlobalSection
	GlobalSection(ProjectConfigurationPlatforms) = postSolution
		{8B29475C-1D56-410B-9B86-97F56DEDA1A4}.Debug|Any CPU.ActiveCfg = Debug|Any CPU
		{8B29475C-1D56-410B-9B86-97F56DEDA1A4}.Debug|Any CPU.Build.0 = Debug|Any CPU
		{8B29475C-1D56-410B-9B86-97F56DEDA1A4}.Release|Any CPU.ActiveCfg = Release|Any CPU
		{8B29475C-1D56-410B-9B86-97F56DEDA1A4}.Release|Any CPU.Build.0 = Release|Any CPU
	EndGlobalSection
	GlobalSection(SolutionProperties) = preSolution
		HideSolutionNode = FALSE
	EndGlobalSection
	GlobalSection(ExtensibilityGlobals) = postSolution
		SolutionGuid = {35908E51-92BD-4EB8-8BA0-E62B617D5C84}
	EndGlobalSection
EndGlobal
